// !$*UTF8*$!
{
	archiveVersion = 1;
	classes = {
	};
	objectVersion = 71;
	objects = {

/* Begin PBXContainerItemProxy section */
		7A0000000000000000000028 /* PBXContainerItemProxy */ = {
			isa = PBXContainerItemProxy;
			containerPortal = 7A000000000000000000000A /* Project object */;
			proxyType = 1;
			remoteGlobalIDString = 7A0000000000000000000006;
			remoteInfo = Jarvis;
		};
/* End PBXContainerItemProxy section */

/* Begin PBXFileReference section */
		7A0000000000000000000001 /* Jarvis.app */ = {isa = PBXFileReference; explicitFileType = wrapper.application; includeInIndex = 0; path = Jarvis.app; sourceTree = BUILT_PRODUCTS_DIR; };
		7A0000000000000000000010 /* Config.xcconfig */ = {isa = PBXFileReference; lastKnownFileType = text.xcconfig; path = Config.xcconfig; sourceTree = "<group>"; };
		7A0000000000000000000011 /* Jarvis.entitlements */ = {isa = PBXFileReference; lastKnownFileType = text.plist.entitlements; path = Jarvis.entitlements; sourceTree = "<group>"; };
		7A0000000000000000000020 /* JarvisTests.xctest */ = {isa = PBXFileReference; explicitFileType = wrapper.cfbundle; includeInIndex = 0; path = JarvisTests.xctest; sourceTree = BUILT_PRODUCTS_DIR; };
/* End PBXFileReference section */

/* Begin PBXFileSystemSynchronizedRootGroup section */
		7A0000000000000000000002 /* Jarvis */ = {isa = PBXFileSystemSynchronizedRootGroup; explicitFileTypes = {}; explicitFolders = (); path = Jarvis; sourceTree = "<group>"; };
		7A0000000000000000000021 /* JarvisTests */ = {isa = PBXFileSystemSynchronizedRootGroup; explicitFileTypes = {}; explicitFolders = (); path = JarvisTests; sourceTree = "<group>"; };
/* End PBXFileSystemSynchronizedRootGroup section */

/* Begin PBXFrameworksBuildPhase section */
		7A0000000000000000000003 /* Frameworks */ = {
			isa = PBXFrameworksBuildPhase;
			buildActionMask = 2147483647;
			files = (
			);
			runOnlyForDeploymentPostprocessing = 0;
		};
		7A0000000000000000000025 /* Frameworks */ = {
			isa = PBXFrameworksBuildPhase;
			buildActionMask = 2147483647;
			files = (
			);
			runOnlyForDeploymentPostprocessing = 0;
		};
/* End PBXFrameworksBuildPhase section */

/* Begin PBXGroup section */
		7A0000000000000000000004 = {
			isa = PBXGroup;
			children = (
				7A0000000000000000000010 /* Config.xcconfig */,
				7A0000000000000000000011 /* Jarvis.entitlements */,
				7A0000000000000000000002 /* Jarvis */,
				7A0000000000000000000021 /* JarvisTests */,
				7A0000000000000000000005 /* Products */,
			);
			sourceTree = "<group>";
		};
		7A0000000000000000000005 /* Products */ = {
			isa = PBXGroup;
			children = (
				7A0000000000000000000001 /* Jarvis.app */,
				7A0000000000000000000020 /* JarvisTests.xctest */,
			);
			name = Products;
			sourceTree = "<group>";
		};
/* End PBXGroup section */

/* Begin PBXNativeTarget section */
		7A0000000000000000000006 /* Jarvis */ = {
			isa = PBXNativeTarget;
			buildConfigurationList = 7A0000000000000000000007 /* Build configuration list for PBXNativeTarget "Jarvis" */;
			buildPhases = (
				7A0000000000000000000008 /* Sources */,
				7A0000000000000000000003 /* Frameworks */,
				7A0000000000000000000009 /* Resources */,
			);
			buildRules = (
			);
			dependencies = (
			);
			fileSystemSynchronizedGroups = (
				7A0000000000000000000002 /* Jarvis */,
			);
			name = Jarvis;
			packageProductDependencies = (
			);
			productName = Jarvis;
			productReference = 7A0000000000000000000001 /* Jarvis.app */;
			productType = "com.apple.product-type.application";
		};
		7A0000000000000000000022 /* JarvisTests */ = {
			isa = PBXNativeTarget;
			buildConfigurationList = 7A0000000000000000000023 /* Build configuration list for PBXNativeTarget "JarvisTests" */;
			buildPhases = (
				7A0000000000000000000024 /* Sources */,
				7A0000000000000000000025 /* Frameworks */,
				7A0000000000000000000026 /* Resources */,
			);
			buildRules = (
			);
			dependencies = (
				7A0000000000000000000027 /* PBXTargetDependency */,
			);
			fileSystemSynchronizedGroups = (
				7A0000000000000000000021 /* JarvisTests */,
			);
			name = JarvisTests;
			packageProductDependencies = (
			);
			productName = JarvisTests;
			productReference = 7A0000000000000000000020 /* JarvisTests.xctest */;
			productType = "com.apple.product-type.bundle.unit-test";
		};
/* End PBXNativeTarget section */

/* Begin PBXProject section */
		7A000000000000000000000A /* Project object */ = {
			isa = PBXProject;
			attributes = {
				BuildIndependentTargetsInParallel = 1;
				LastSwiftUpdateCheck = 2650;
				LastUpgradeCheck = 2650;
				TargetAttributes = {
					7A0000000000000000000006 = {
						CreatedOnToolsVersion = 26.5;
					};
					7A0000000000000000000022 = {
						CreatedOnToolsVersion = 26.5;
						TestTargetID = 7A0000000000000000000006;
					};
				};
			};
			buildConfigurationList = 7A000000000000000000000B /* Build configuration list for PBXProject "Jarvis" */;
			compatibilityVersion = "Xcode 16.0";
			developmentRegion = en;
			hasScannedForEncodings = 0;
			knownRegions = (
				en,
				Base,
			);
			mainGroup = 7A0000000000000000000004;
			minimizedProjectReferenceProxies = 1;
			productRefGroup = 7A0000000000000000000005 /* Products */;
			projectDirPath = "";
			projectRoot = "";
			targets = (
				7A0000000000000000000006 /* Jarvis */,
				7A0000000000000000000022 /* JarvisTests */,
			);
		};
/* End PBXProject section */

/* Begin PBXResourcesBuildPhase section */
		7A0000000000000000000009 /* Resources */ = {
			isa = PBXResourcesBuildPhase;
			buildActionMask = 2147483647;
			files = (
			);
			runOnlyForDeploymentPostprocessing = 0;
		};
		7A0000000000000000000026 /* Resources */ = {
			isa = PBXResourcesBuildPhase;
			buildActionMask = 2147483647;
			files = (
			);
			runOnlyForDeploymentPostprocessing = 0;
		};
/* End PBXResourcesBuildPhase section */

/* Begin PBXSourcesBuildPhase section */
		7A0000000000000000000008 /* Sources */ = {
			isa = PBXSourcesBuildPhase;
			buildActionMask = 2147483647;
			files = (
			);
			runOnlyForDeploymentPostprocessing = 0;
		};
		7A0000000000000000000024 /* Sources */ = {
			isa = PBXSourcesBuildPhase;
			buildActionMask = 2147483647;
			files = (
			);
			runOnlyForDeploymentPostprocessing = 0;
		};
/* End PBXSourcesBuildPhase section */

/* Begin PBXTargetDependency section */
		7A0000000000000000000027 /* PBXTargetDependency */ = {
			isa = PBXTargetDependency;
			target = 7A0000000000000000000006 /* Jarvis */;
			targetProxy = 7A0000000000000000000028 /* PBXContainerItemProxy */;
		};
/* End PBXTargetDependency section */

/* Begin XCBuildConfiguration section */
		7A000000000000000000000C /* Debug */ = {
			isa = XCBuildConfiguration;
			baseConfigurationReference = 7A0000000000000000000010 /* Config.xcconfig */;
			buildSettings = {
				ALWAYS_SEARCH_USER_PATHS = NO;
				CLANG_ENABLE_OBJC_WEAK = YES;
				COPY_PHASE_STRIP = NO;
				DEBUG_INFORMATION_FORMAT = dwarf;
				ENABLE_STRICT_OBJC_MSGSEND = YES;
				ENABLE_TESTABILITY = YES;
				GCC_NO_COMMON_BLOCKS = YES;
				GCC_OPTIMIZATION_LEVEL = 0;
				GCC_PREPROCESSOR_DEFINITIONS = (
					"DEBUG=1",
					"$(inherited)",
				);
				IPHONEOS_DEPLOYMENT_TARGET = 26.0;
				MTL_ENABLE_DEBUG_INFO = INCLUDE_SOURCE;
				ONLY_ACTIVE_ARCH = YES;
				SDKROOT = iphoneos;
				SWIFT_ACTIVE_COMPILATION_CONDITIONS = "DEBUG $(inherited)";
				SWIFT_OPTIMIZATION_LEVEL = "-Onone";
			};
			name = Debug;
		};
		7A000000000000000000000D /* Release */ = {
			isa = XCBuildConfiguration;
			baseConfigurationReference = 7A0000000000000000000010 /* Config.xcconfig */;
			buildSettings = {
				ALWAYS_SEARCH_USER_PATHS = NO;
				CLANG_ENABLE_OBJC_WEAK = YES;
				COPY_PHASE_STRIP = NO;
				DEBUG_INFORMATION_FORMAT = "dwarf-with-dsym";
				ENABLE_NS_ASSERTIONS = NO;
				ENABLE_STRICT_OBJC_MSGSEND = YES;
				GCC_NO_COMMON_BLOCKS = YES;
				IPHONEOS_DEPLOYMENT_TARGET = 26.0;
				MTL_ENABLE_DEBUG_INFO = NO;
				SDKROOT = iphoneos;
				SWIFT_COMPILATION_MODE = wholemodule;
				VALIDATE_PRODUCT = YES;
			};
			name = Release;
		};
		7A000000000000000000000E /* Debug */ = {
			isa = XCBuildConfiguration;
			buildSettings = {
				APS_ENVIRONMENT = development;
				ASSETCATALOG_COMPILER_APPICON_NAME = AppIcon;
				CODE_SIGN_ENTITLEMENTS = Jarvis.entitlements;
				CODE_SIGN_STYLE = Automatic;
				CURRENT_PROJECT_VERSION = "$(JARVIS_BUILD)";
				DEVELOPMENT_TEAM = "$(JARVIS_DEVELOPMENT_TEAM)";
				ENABLE_PREVIEWS = YES;
				GENERATE_INFOPLIST_FILE = YES;
				INFOPLIST_FILE = Info.plist;
				INFOPLIST_KEY_CFBundleDisplayName = Jarvis;
				INFOPLIST_KEY_NSCameraUsageDescription = "Photograph grocery receipts so Jarvis can track what is in your fridge.";
				INFOPLIST_KEY_NSMicrophoneUsageDescription = "Jarvis listens when you tap the mic button, and transcribes on device.";
				INFOPLIST_KEY_NSSpeechRecognitionUsageDescription = "Speech is transcribed on device so Jarvis can act on what you say.";
				INFOPLIST_KEY_UILaunchScreen_Generation = YES;
				INFOPLIST_KEY_UISupportedInterfaceOrientations_iPhone = "UIInterfaceOrientationPortrait UIInterfaceOrientationLandscapeLeft UIInterfaceOrientationLandscapeRight";
				LD_RUNPATH_SEARCH_PATHS = (
					"$(inherited)",
					"@executable_path/Frameworks",
				);
				MARKETING_VERSION = 1.0;
				PRODUCT_BUNDLE_IDENTIFIER = "$(JARVIS_BUNDLE_ID)";
				PRODUCT_NAME = "$(TARGET_NAME)";
				SWIFT_EMIT_LOC_STRINGS = YES;
				SWIFT_STRICT_CONCURRENCY = minimal;
				SWIFT_VERSION = 5.0;
				TARGETED_DEVICE_FAMILY = "1,2";
			};
			name = Debug;
		};
		7A000000000000000000000F /* Release */ = {
			isa = XCBuildConfiguration;
			buildSettings = {
				APS_ENVIRONMENT = production;
				ASSETCATALOG_COMPILER_APPICON_NAME = AppIcon;
				CODE_SIGN_ENTITLEMENTS = Jarvis.entitlements;
				CODE_SIGN_STYLE = Automatic;
				CURRENT_PROJECT_VERSION = "$(JARVIS_BUILD)";
				DEVELOPMENT_TEAM = "$(JARVIS_DEVELOPMENT_TEAM)";
				ENABLE_PREVIEWS = YES;
				GENERATE_INFOPLIST_FILE = YES;
				INFOPLIST_FILE = Info.plist;
				INFOPLIST_KEY_CFBundleDisplayName = Jarvis;
				INFOPLIST_KEY_NSCameraUsageDescription = "Photograph grocery receipts so Jarvis can track what is in your fridge.";
				INFOPLIST_KEY_NSMicrophoneUsageDescription = "Jarvis listens when you tap the mic button, and transcribes on device.";
				INFOPLIST_KEY_NSSpeechRecognitionUsageDescription = "Speech is transcribed on device so Jarvis can act on what you say.";
				INFOPLIST_KEY_UILaunchScreen_Generation = YES;
				INFOPLIST_KEY_UISupportedInterfaceOrientations_iPhone = "UIInterfaceOrientationPortrait UIInterfaceOrientationLandscapeLeft UIInterfaceOrientationLandscapeRight";
				LD_RUNPATH_SEARCH_PATHS = (
					"$(inherited)",
					"@executable_path/Frameworks",
				);
				MARKETING_VERSION = 1.0;
				PRODUCT_BUNDLE_IDENTIFIER = "$(JARVIS_BUNDLE_ID)";
				PRODUCT_NAME = "$(TARGET_NAME)";
				SWIFT_EMIT_LOC_STRINGS = YES;
				SWIFT_STRICT_CONCURRENCY = minimal;
				SWIFT_VERSION = 5.0;
				TARGETED_DEVICE_FAMILY = "1,2";
			};
			name = Release;
		};
		7A0000000000000000000029 /* Debug */ = {
			isa = XCBuildConfiguration;
			buildSettings = {
				BUNDLE_LOADER = "$(TEST_HOST)";
				CODE_SIGN_STYLE = Automatic;
				CURRENT_PROJECT_VERSION = "$(JARVIS_BUILD)";
				DEVELOPMENT_TEAM = "$(JARVIS_DEVELOPMENT_TEAM)";
				GENERATE_INFOPLIST_FILE = YES;
				MARKETING_VERSION = 1.0;
				PRODUCT_BUNDLE_IDENTIFIER = "$(JARVIS_BUNDLE_ID).tests";
				PRODUCT_NAME = "$(TARGET_NAME)";
				SWIFT_STRICT_CONCURRENCY = minimal;
				SWIFT_VERSION = 5.0;
				TARGETED_DEVICE_FAMILY = "1,2";
				TEST_HOST = "$(BUILT_PRODUCTS_DIR)/Jarvis.app/$(BUNDLE_EXECUTABLE_FOLDER_PATH)/Jarvis";
			};
			name = Debug;
		};
		7A000000000000000000002A /* Release */ = {
			isa = XCBuildConfiguration;
			buildSettings = {
				BUNDLE_LOADER = "$(TEST_HOST)";
				CODE_SIGN_STYLE = Automatic;
				CURRENT_PROJECT_VERSION = "$(JARVIS_BUILD)";
				DEVELOPMENT_TEAM = "$(JARVIS_DEVELOPMENT_TEAM)";
				GENERATE_INFOPLIST_FILE = YES;
				MARKETING_VERSION = 1.0;
				PRODUCT_BUNDLE_IDENTIFIER = "$(JARVIS_BUNDLE_ID).tests";
				PRODUCT_NAME = "$(TARGET_NAME)";
				SWIFT_STRICT_CONCURRENCY = minimal;
				SWIFT_VERSION = 5.0;
				TARGETED_DEVICE_FAMILY = "1,2";
				TEST_HOST = "$(BUILT_PRODUCTS_DIR)/Jarvis.app/$(BUNDLE_EXECUTABLE_FOLDER_PATH)/Jarvis";
			};
			name = Release;
		};
/* End XCBuildConfiguration section */

/* Begin XCConfigurationList section */
		7A0000000000000000000007 /* Build configuration list for PBXNativeTarget "Jarvis" */ = {
			isa = XCConfigurationList;
			buildConfigurations = (
				7A000000000000000000000E /* Debug */,
				7A000000000000000000000F /* Release */,
			);
			defaultConfigurationIsVisible = 0;
			defaultConfigurationName = Release;
		};
		7A000000000000000000000B /* Build configuration list for PBXProject "Jarvis" */ = {
			isa = XCConfigurationList;
			buildConfigurations = (
				7A000000000000000000000C /* Debug */,
				7A000000000000000000000D /* Release */,
			);
			defaultConfigurationIsVisible = 0;
			defaultConfigurationName = Release;
		};
		7A0000000000000000000023 /* Build configuration list for PBXNativeTarget "JarvisTests" */ = {
			isa = XCConfigurationList;
			buildConfigurations = (
				7A0000000000000000000029 /* Debug */,
				7A000000000000000000002A /* Release */,
			);
			defaultConfigurationIsVisible = 0;
			defaultConfigurationName = Release;
		};
/* End XCConfigurationList section */
	};
	rootObject = 7A000000000000000000000A /* Project object */;
}
